// !$*UTF8*$!
{
	archiveVersion = 1;
	classes = {
	};
	objectVersion = 55;
	objects = {

/* Begin PBXBuildFile section */
		28EFEA2D271EAF2800CD4C33 /* Habit.swift in Sources */ = {isa = PBXBuildFile; fileRef = 28EFEA2C271EAF2800CD4C33 /* Habit.swift */; };
		28EFEA2F271EAF2E00CD4C33 /* Category.swift in Sources */ = {isa = PBXBuildFile; fileRef = 28EFEA2E271EAF2E00CD4C33 /* Category.swift */; };
		28EFEA31271EAF3300CD4C33 /* Color.swift in Sources */ = {isa = PBXBuildFile; fileRef = 28EFEA30271EAF3300CD4C33 /* Color.swift */; };
		28EFEA33271EB18700CD4C33 /* APIRequest.swift in Sources */ = {isa = PBXBuildFile; fileRef = 28EFEA32271EB18700CD4C33 /* APIRequest.swift */; };
		28EFEA35271EC30B00CD4C33 /* APIService.swift in Sources */ = {isa = PBXBuildFile; fileRef = 28EFEA34271EC30B00CD4C33 /* APIService.swift */; };
		28EFEA37271EC7A900CD4C33 /* PrimarySecondaryTextCollectionViewCell.swift in Sources */ = {isa = PBXBuildFile; fileRef = 28EFEA36271EC7A900CD4C33 /* PrimarySecondaryTextCollectionViewCell.swift */; };
		28EFEA392726A00B00CD4C33 /* UserStatistics.swift in Sources */ = {isa = PBXBuildFile; fileRef = 28EFEA382726A00B00CD4C33 /* UserStatistics.swift */; };
		28EFEA3B2726A06000CD4C33 /* HabitCount.swift in Sources */ = {isa = PBXBuildFile; fileRef = 28EFEA3A2726A06000CD4C33 /* HabitCount.swift */; };
		B56E6871271B5E210019E1E1 /* AppDelegate.swift in Sources */ = {isa = PBXBuildFile; fileRef = B56E6870271B5E210019E1E1 /* AppDelegate.swift */; };
		B56E6873271B5E210019E1E1 /* SceneDelegate.swift in Sources */ = {isa = PBXBuildFile; fileRef = B56E6872271B5E210019E1E1 /* SceneDelegate.swift */; };
		B56E6878271B5E210019E1E1 /* Main.storyboard in Resources */ = {isa = PBXBuildFile; fileRef = B56E6876271B5E210019E1E1 /* Main.storyboard */; };
		B56E687A271B5E220019E1E1 /* Assets.xcassets in Resources */ = {isa = PBXBuildFile; fileRef = B56E6879271B5E220019E1E1 /* Assets.xcassets */; };
		B56E687D271B5E220019E1E1 /* LaunchScreen.storyboard in Resources */ = {isa = PBXBuildFile; fileRef = B56E687B271B5E220019E1E1 /* LaunchScreen.storyboard */; };
		B589FD8A27201BCA0067F06F /* Settings.swift in Sources */ = {isa = PBXBuildFile; fileRef = B589FD8927201BCA0067F06F /* Settings.swift */; };
		B589FD8C27205DEC0067F06F /* UICollectionViewDiffableDataSource+ViewModel.swift in Sources */ = {isa = PBXBuildFile; fileRef = B589FD8B27205DEC0067F06F /* UICollectionViewDiffableDataSource+ViewModel.swift */; };
		B58A8B222729EA8600F8687A /* LeaderboardHabitCollectionViewCell.swift in Sources */ = {isa = PBXBuildFile; fileRef = B58A8B212729EA8600F8687A /* LeaderboardHabitCollectionViewCell.swift */; };
		B58A8B242729F5F800F8687A /* CombinedStatistics.swift in Sources */ = {isa = PBXBuildFile; fileRef = B58A8B232729F5F800F8687A /* CombinedStatistics.swift */; };
		B58CE6C5272154210056D2D5 /* User.swift in Sources */ = {isa = PBXBuildFile; fileRef = B58CE6C4272154210056D2D5 /* User.swift */; };
		B5A6F9EC272351100063214A /* HabitStatistics.swift in Sources */ = {isa = PBXBuildFile; fileRef = B5A6F9EB272351100063214A /* HabitStatistics.swift */; };
		B5A6F9EE272352000063214A /* UserCount.swift in Sources */ = {isa = PBXBuildFile; fileRef = B5A6F9ED272352000063214A /* UserCount.swift */; };
		B5AC3B6C27209670008624E6 /* NamedSectionHeaderView.swift in Sources */ = {isa = PBXBuildFile; fileRef = B5AC3B6B27209670008624E6 /* NamedSectionHeaderView.swift */; };
		B5C0CB8A271C930B00218A39 /* HomeCollectionViewController.swift in Sources */ = {isa = PBXBuildFile; fileRef = B5C0CB89271C930B00218A39 /* HomeCollectionViewController.swift */; };
		B5C0CB8C271C931A00218A39 /* UserCollectionViewController.swift in Sources */ = {isa = PBXBuildFile; fileRef = B5C0CB8B271C931A00218A39 /* UserCollectionViewController.swift */; };
		B5C0CB8E271C932300218A39 /* HabitCollectionViewController.swift in Sources */ = {isa = PBXBuildFile; fileRef = B5C0CB8D271C932300218A39 /* HabitCollectionViewController.swift */; };
		B5C0CB90271C932E00218A39 /* LogHabitCollectionViewController.swift in Sources */ = {isa = PBXBuildFile; fileRef = B5C0CB8F271C932E00218A39 /* LogHabitCollectionViewController.swift */; };
		B5C0CB92271CB56700218A39 /* HabitDetailViewController.swift in Sources */ = {isa = PBXBuildFile; fileRef = B5C0CB91271CB56700218A39 /* HabitDetailViewController.swift */; };
		B5C0CB94271CB57100218A39 /* UserDetailViewController.swift in Sources */ = {isa = PBXBuildFile; fileRef = B5C0CB93271CB57100218A39 /* UserDetailViewController.swift */; };
		B5CCE63E2728270300ACD9C3 /* LoggedHabit.swift in Sources */ = {isa = PBXBuildFile; fileRef = B5CCE63D2728270300ACD9C3 /* LoggedHabit.swift */; };
		B5F996E3272F2C9F00C2190F /* FollowedUserCollectionViewCell.swift in Sources */ = {isa = PBXBuildFile; fileRef = B5F996E2272F2C9F00C2190F /* FollowedUserCollectionViewCell.swift */; };
/* End PBXBuildFile section */

/* Begin PBXFileReference section */
		28EFEA2C271EAF2800CD4C33 /* Habit.swift */ = {isa = PBXFileReference; lastKnownFileType = sourcecode.swift; path = Habit.swift; sourceTree = "<group>"; };
		28EFEA2E271EAF2E00CD4C33 /* Category.swift */ = {isa = PBXFileReference; lastKnownFileType = sourcecode.swift; path = Category.swift; sourceTree = "<group>"; };
		28EFEA30271EAF3300CD4C33 /* Color.swift */ = {isa = PBXFileReference; lastKnownFileType = sourcecode.swift; path = Color.swift; sourceTree = "<group>"; };
		28EFEA32271EB18700CD4C33 /* APIRequest.swift */ = {isa = PBXFileReference; lastKnownFileType = sourcecode.swift; path = APIRequest.swift; sourceTree = "<group>"; };
		28EFEA34271EC30B00CD4C33 /* APIService.swift */ = {isa = PBXFileReference; lastKnownFileType = sourcecode.swift; path = APIService.swift; sourceTree = "<group>"; };
		28EFEA36271EC7A900CD4C33 /* PrimarySecondaryTextCollectionViewCell.swift */ = {isa = PBXFileReference; lastKnownFileType = sourcecode.swift; path = PrimarySecondaryTextCollectionViewCell.swift; sourceTree = "<group>"; };
		28EFEA382726A00B00CD4C33 /* UserStatistics.swift */ = {isa = PBXFileReference; lastKnownFileType = sourcecode.swift; path = UserStatistics.swift; sourceTree = "<group>"; };
		28EFEA3A2726A06000CD4C33 /* HabitCount.swift */ = {isa = PBXFileReference; lastKnownFileType = sourcecode.swift; path = HabitCount.swift; sourceTree = "<group>"; };
		B56E686D271B5E210019E1E1 /* Habits.app */ = {isa = PBXFileReference; explicitFileType = wrapper.application; includeInIndex = 0; path = Habits.app; sourceTree = BUILT_PRODUCTS_DIR; };
		B56E6870271B5E210019E1E1 /* AppDelegate.swift */ = {isa = PBXFileReference; lastKnownFileType = sourcecode.swift; path = AppDelegate.swift; sourceTree = "<group>"; };
		B56E6872271B5E210019E1E1 /* SceneDelegate.swift */ = {isa = PBXFileReference; lastKnownFileType = sourcecode.swift; path = SceneDelegate.swift; sourceTree = "<group>"; };
		B56E6877271B5E210019E1E1 /* Base */ = {isa = PBXFileReference; lastKnownFileType = file.storyboard; name = Base; path = Base.lproj/Main.storyboard; sourceTree = "<group>"; };
		B56E6879271B5E220019E1E1 /* Assets.xcassets */ = {isa = PBXFileReference; lastKnownFileType = folder.assetcatalog; path = Assets.xcassets; sourceTree = "<group>"; };
		B56E687C271B5E220019E1E1 /* Base */ = {isa = PBXFileReference; lastKnownFileType = file.storyboard; name = Base; path = Base.lproj/LaunchScreen.storyboard; sourceTree = "<group>"; };
		B56E687E271B5E220019E1E1 /* Info.plist */ = {isa = PBXFileReference; lastKnownFileType = text.plist.xml; path = Info.plist; sourceTree = "<group>"; };
		B589FD8927201BCA0067F06F /* Settings.swift */ = {isa = PBXFileReference; lastKnownFileType = sourcecode.swift; path = Settings.swift; sourceTree = "<group>"; };
		B589FD8B27205DEC0067F06F /* UICollectionViewDiffableDataSource+ViewModel.swift */ = {isa = PBXFileReference; lastKnownFileType = sourcecode.swift; path = "UICollectionViewDiffableDataSource+ViewModel.swift"; sourceTree = "<group>"; };
		B58A8B212729EA8600F8687A /* LeaderboardHabitCollectionViewCell.swift */ = {isa = PBXFileReference; lastKnownFileType = sourcecode.swift; path = LeaderboardHabitCollectionViewCell.swift; sourceTree = "<group>"; };
		B58A8B232729F5F800F8687A /* CombinedStatistics.swift */ = {isa = PBXFileReference; lastKnownFileType = sourcecode.swift; path = CombinedStatistics.swift; sourceTree = "<group>"; };
		B58CE6C4272154210056D2D5 /* User.swift */ = {isa = PBXFileReference; lastKnownFileType = sourcecode.swift; path = User.swift; sourceTree = "<group>"; };
		B5A6F9EB272351100063214A /* HabitStatistics.swift */ = {isa = PBXFileReference; lastKnownFileType = sourcecode.swift; path = HabitStatistics.swift; sourceTree = "<group>"; };
		B5A6F9ED272352000063214A /* UserCount.swift */ = {isa = PBXFileReference; lastKnownFileType = sourcecode.swift; path = UserCount.swift; sourceTree = "<group>"; };
		B5AC3B6B27209670008624E6 /* NamedSectionHeaderView.swift */ = {isa = PBXFileReference; lastKnownFileType = sourcecode.swift; path = NamedSectionHeaderView.swift; sourceTree = "<group>"; };
		B5C0CB89271C930B00218A39 /* HomeCollectionViewController.swift */ = {isa = PBXFileReference; lastKnownFileType = sourcecode.swift; path = HomeCollectionViewController.swift; sourceTree = "<group>"; };
		B5C0CB8B271C931A00218A39 /* UserCollectionViewController.swift */ = {isa = PBXFileReference; lastKnownFileType = sourcecode.swift; path = UserCollectionViewController.swift; sourceTree = "<group>"; };
		B5C0CB8D271C932300218A39 /* HabitCollectionViewController.swift */ = {isa = PBXFileReference; lastKnownFileType = sourcecode.swift; path = HabitCollectionViewController.swift; sourceTree = "<group>"; };
		B5C0CB8F271C932E00218A39 /* LogHabitCollectionViewController.swift */ = {isa = PBXFileReference; lastKnownFileType = sourcecode.swift; path = LogHabitCollectionViewController.swift; sourceTree = "<group>"; };
		B5C0CB91271CB56700218A39 /* HabitDetailViewController.swift */ = {isa = PBXFileReference; lastKnownFileType = sourcecode.swift; path = HabitDetailViewController.swift; sourceTree = "<group>"; };
		B5C0CB93271CB57100218A39 /* UserDetailViewController.swift */ = {isa = PBXFileReference; lastKnownFileType = sourcecode.swift; path = UserDetailViewController.swift; sourceTree = "<group>"; };
		B5CCE63D2728270300ACD9C3 /* LoggedHabit.swift */ = {isa = PBXFileReference; lastKnownFileType = sourcecode.swift; path = LoggedHabit.swift; sourceTree = SOURCE_ROOT; };
		B5F996E2272F2C9F00C2190F /* FollowedUserCollectionViewCell.swift */ = {isa = PBXFileReference; lastKnownFileType = sourcecode.swift; path = FollowedUserCollectionViewCell.swift; sourceTree = "<group>"; };
/* End PBXFileReference section */

/* Begin PBXFrameworksBuildPhase section */
		B56E686A271B5E210019E1E1 /* Frameworks */ = {
			isa = PBXFrameworksBuildPhase;
			buildActionMask = 2147483647;
			files = (
			);
			runOnlyForDeploymentPostprocessing = 0;
		};
/* End PBXFrameworksBuildPhase section */

/* Begin PBXGroup section */
		B56E6864271B5E210019E1E1 = {
			isa = PBXGroup;
			children = (
				B56E686F271B5E210019E1E1 /* Habits */,
				B56E686E271B5E210019E1E1 /* Products */,
			);
			sourceTree = "<group>";
		};
		B56E686E271B5E210019E1E1 /* Products */ = {
			isa = PBXGroup;
			children = (
				B56E686D271B5E210019E1E1 /* Habits.app */,
			);
			name = Products;
			sourceTree = "<group>";
		};
		B56E686F271B5E210019E1E1 /* Habits */ = {
			isa = PBXGroup;
			children = (
				B56E6870271B5E210019E1E1 /* AppDelegate.swift */,
				B56E6872271B5E210019E1E1 /* SceneDelegate.swift */,
				B56E6876271B5E210019E1E1 /* Main.storyboard */,
				28EFEA32271EB18700CD4C33 /* APIRequest.swift */,
				28EFEA34271EC30B00CD4C33 /* APIService.swift */,
				28EFEA36271EC7A900CD4C33 /* PrimarySecondaryTextCollectionViewCell.swift */,
				B58A8B212729EA8600F8687A /* LeaderboardHabitCollectionViewCell.swift */,
				B5C0CB89271C930B00218A39 /* HomeCollectionViewController.swift */,
				B5F996E2272F2C9F00C2190F /* FollowedUserCollectionViewCell.swift */,
				B58A8B232729F5F800F8687A /* CombinedStatistics.swift */,
				B5C0CB8D271C932300218A39 /* HabitCollectionViewController.swift */,
				28EFEA2C271EAF2800CD4C33 /* Habit.swift */,
				28EFEA2E271EAF2E00CD4C33 /* Category.swift */,
				28EFEA30271EAF3300CD4C33 /* Color.swift */,
				B5C0CB8B271C931A00218A39 /* UserCollectionViewController.swift */,
				B58CE6C4272154210056D2D5 /* User.swift */,
				B5C0CB8F271C932E00218A39 /* LogHabitCollectionViewController.swift */,
				B5CCE63D2728270300ACD9C3 /* LoggedHabit.swift */,
				B5AC3B6B27209670008624E6 /* NamedSectionHeaderView.swift */,
				B589FD8B27205DEC0067F06F /* UICollectionViewDiffableDataSource+ViewModel.swift */,
				B5C0CB91271CB56700218A39 /* HabitDetailViewController.swift */,
				B5A6F9EB272351100063214A /* HabitStatistics.swift */,
				B5A6F9ED272352000063214A /* UserCount.swift */,
				B5C0CB93271CB57100218A39 /* UserDetailViewController.swift */,
				28EFEA382726A00B00CD4C33 /* UserStatistics.swift */,
				28EFEA3A2726A06000CD4C33 /* HabitCount.swift */,
				B589FD8927201BCA0067F06F /* Settings.swift */,
				B56E6879271B5E220019E1E1 /* Assets.xcassets */,
				B56E687B271B5E220019E1E1 /* LaunchScreen.storyboard */,
				B56E687E271B5E220019E1E1 /* Info.plist */,
			);
			path = Habits;
			sourceTree = "<group>";
		};
/* End PBXGroup section */

/* Begin PBXNativeTarget section */
		B56E686C271B5E210019E1E1 /* Habits */ = {
			isa = PBXNativeTarget;
			buildConfigurationList = B56E6881271B5E220019E1E1 /* Build configuration list for PBXNativeTarget "Habits" */;
			buildPhases = (
				B56E6869271B5E210019E1E1 /* Sources */,
				B56E686A271B5E210019E1E1 /* Frameworks */,
				B56E686B271B5E210019E1E1 /* Resources */,
			);
			buildRules = (
			);
			dependencies = (
			);
			name = Habits;
			productName = Habits;
			productReference = B56E686D271B5E210019E1E1 /* Habits.app */;
			productType = "com.apple.product-type.application";
		};
/* End PBXNativeTarget section */

/* Begin PBXProject section */
		B56E6865271B5E210019E1E1 /* Project object */ = {
			isa = PBXProject;
			attributes = {
				BuildIndependentTargetsInParallel = 1;
				LastSwiftUpdateCheck = 1300;
				LastUpgradeCheck = 1300;
				TargetAttributes = {
					B56E686C271B5E210019E1E1 = {
						CreatedOnToolsVersion = 13.0;
					};
				};
			};
			buildConfigurationList = B56E6868271B5E210019E1E1 /* Build configuration list for PBXProject "Habits" */;
			compatibilityVersion = "Xcode 13.0";
			developmentRegion = en;
			hasScannedForEncodings = 0;
			knownRegions = (
				en,
				Base,
			);
			mainGroup = B56E6864271B5E210019E1E1;
			productRefGroup = B56E686E271B5E210019E1E1 /* Products */;
			projectDirPath = "";
			projectRoot = "";
			targets = (
				B56E686C271B5E210019E1E1 /* Habits */,
			);
		};
/* End PBXProject section */

/* Begin PBXResourcesBuildPhase section */
		B56E686B271B5E210019E1E1 /* Resources */ = {
			isa = PBXResourcesBuildPhase;
			buildActionMask = 2147483647;
			files = (
				B56E687D271B5E220019E1E1 /* LaunchScreen.storyboard in Resources */,
				B56E687A271B5E220019E1E1 /* Assets.xcassets in Resources */,
				B56E6878271B5E210019E1E1 /* Main.storyboard in Resources */,
			);
			runOnlyForDeploymentPostprocessing = 0;
		};
/* End PBXResourcesBuildPhase section */

/* Begin PBXSourcesBuildPhase section */
		B56E6869271B5E210019E1E1 /* Sources */ = {
			isa = PBXSourcesBuildPhase;
			buildActionMask = 2147483647;
			files = (
				B5C0CB90271C932E00218A39 /* LogHabitCollectionViewController.swift in Sources */,
				28EFEA33271EB18700CD4C33 /* APIRequest.swift in Sources */,
				B5C0CB94271CB57100218A39 /* UserDetailViewController.swift in Sources */,
				B5C0CB8C271C931A00218A39 /* UserCollectionViewController.swift in Sources */,
				B5AC3B6C27209670008624E6 /* NamedSectionHeaderView.swift in Sources */,
				B5C0CB8A271C930B00218A39 /* HomeCollectionViewController.swift in Sources */,
				28EFEA31271EAF3300CD4C33 /* Color.swift in Sources */,
				B5C0CB92271CB56700218A39 /* HabitDetailViewController.swift in Sources */,
				28EFEA35271EC30B00CD4C33 /* APIService.swift in Sources */,
				28EFEA2D271EAF2800CD4C33 /* Habit.swift in Sources */,
				B5A6F9EE272352000063214A /* UserCount.swift in Sources */,
				B589FD8A27201BCA0067F06F /* Settings.swift in Sources */,
				B5CCE63E2728270300ACD9C3 /* LoggedHabit.swift in Sources */,
				B56E6871271B5E210019E1E1 /* AppDelegate.swift in Sources */,
				28EFEA392726A00B00CD4C33 /* UserStatistics.swift in Sources */,
				28EFEA3B2726A06000CD4C33 /* HabitCount.swift in Sources */,
				B58A8B242729F5F800F8687A /* CombinedStatistics.swift in Sources */,
				B589FD8C27205DEC0067F06F /* UICollectionViewDiffableDataSource+ViewModel.swift in Sources */,
				B56E6873271B5E210019E1E1 /* SceneDelegate.swift in Sources */,
				B58CE6C5272154210056D2D5 /* User.swift in Sources */,
				28EFEA37271EC7A900CD4C33 /* PrimarySecondaryTextCollectionViewCell.swift in Sources */,
				B5A6F9EC272351100063214A /* HabitStatistics.swift in Sources */,
				B5C0CB8E271C932300218A39 /* HabitCollectionViewController.swift in Sources */,
				28EFEA2F271EAF2E00CD4C33 /* Category.swift in Sources */,
				B58A8B222729EA8600F8687A /* LeaderboardHabitCollectionViewCell.swift in Sources */,
				B5F996E3272F2C9F00C2190F /* FollowedUserCollectionViewCell.swift in Sources */,
			);
			runOnlyForDeploymentPostprocessing = 0;
		};
/* End PBXSourcesBuildPhase section */

/* Begin PBXVariantGroup section */
		B56E6876271B5E210019E1E1 /* Main.storyboard */ = {
			isa = PBXVariantGroup;
			children = (
				B56E6877271B5E210019E1E1 /* Base */,
			);
			name = Main.storyboard;
			sourceTree = "<group>";
		};
		B56E687B271B5E220019E1E1 /* LaunchScreen.storyboard */ = {
			isa = PBXVariantGroup;
			children = (
				B56E687C271B5E220019E1E1 /* Base */,
			);
			name = LaunchScreen.storyboard;
			sourceTree = "<group>";
		};
/* End PBXVariantGroup section */

/* Begin XCBuildConfiguration section */
		B56E687F271B5E220019E1E1 /* Debug */ = {
			isa = XCBuildConfiguration;
			buildSettings = {
				ALWAYS_SEARCH_USER_PATHS = NO;
				CLANG_ANALYZER_NONNULL = YES;
				CLANG_ANALYZER_NUMBER_OBJECT_CONVERSION = YES_AGGRESSIVE;
				CLANG_CXX_LANGUAGE_STANDARD = "gnu++17";
				CLANG_CXX_LIBRARY = "libc++";
				CLANG_ENABLE_MODULES = YES;
				CLANG_ENABLE_OBJC_ARC = YES;
				CLANG_ENABLE_OBJC_WEAK = YES;
				CLANG_WARN_BLOCK_CAPTURE_AUTORELEASING = YES;
				CLANG_WARN_BOOL_CONVERSION = YES;
				CLANG_WARN_COMMA = YES;
				CLANG_WARN_CONSTANT_CONVERSION = YES;
				CLANG_WARN_DEPRECATED_OBJC_IMPLEMENTATIONS = YES;
				CLANG_WARN_DIRECT_OBJC_ISA_USAGE = YES_ERROR;
				CLANG_WARN_DOCUMENTATION_COMMENTS = YES;
				CLANG_WARN_EMPTY_BODY = YES;
				CLANG_WARN_ENUM_CONVERSION = YES;
				CLANG_WARN_INFINITE_RECURSION = YES;
				CLANG_WARN_INT_CONVERSION = YES;
				CLANG_WARN_NON_LITERAL_NULL_CONVERSION = YES;
				CLANG_WARN_OBJC_IMPLICIT_RETAIN_SELF = YES;
				CLANG_WARN_OBJC_LITERAL_CONVERSION = YES;
				CLANG_WARN_OBJC_ROOT_CLASS = YES_ERROR;
				CLANG_WARN_QUOTED_INCLUDE_IN_FRAMEWORK_HEADER = YES;
				CLANG_WARN_RANGE_LOOP_ANALYSIS = YES;
				CLANG_WARN_STRICT_PROTOTYPES = YES;
				CLANG_WARN_SUSPICIOUS_MOVE = YES;
				CLANG_WARN_UNGUARDED_AVAILABILITY = YES_AGGRESSIVE;
				CLANG_WARN_UNREACHABLE_CODE = YES;
				CLANG_WARN__DUPLICATE_METHOD_MATCH = YES;
				COPY_PHASE_STRIP = NO;
				DEBUG_INFORMATION_FORMAT = dwarf;
				ENABLE_STRICT_OBJC_MSGSEND = YES;
				ENABLE_TESTABILITY = YES;
				GCC_C_LANGUAGE_STANDARD = gnu11;
				GCC_DYNAMIC_NO_PIC = NO;
				GCC_NO_COMMON_BLOCKS = YES;
				GCC_OPTIMIZATION_LEVEL = 0;
				GCC_PREPROCESSOR_DEFINITIONS = (
					"DEBUG=1",
					"$(inherited)",
				);
				GCC_WARN_64_TO_32_BIT_CONVERSION = YES;
				GCC_WARN_ABOUT_RETURN_TYPE = YES_ERROR;
				GCC_WARN_UNDECLARED_SELECTOR = YES;
				GCC_WARN_UNINITIALIZED_AUTOS = YES_AGGRESSIVE;
				GCC_WARN_UNUSED_FUNCTION = YES;
				GCC_WARN_UNUSED_VARIABLE = YES;
				IPHONEOS_DEPLOYMENT_TARGET = 15.0;
				MTL_ENABLE_DEBUG_INFO = INCLUDE_SOURCE;
				MTL_FAST_MATH = YES;
				ONLY_ACTIVE_ARCH = YES;
				SDKROOT = iphoneos;
				SWIFT_ACTIVE_COMPILATION_CONDITIONS = DEBUG;
				SWIFT_OPTIMIZATION_LEVEL = "-Onone";
			};
			name = Debug;
		};
		B56E6880271B5E220019E1E1 /* Release */ = {
			isa = XCBuildConfiguration;
			buildSettings = {
				ALWAYS_SEARCH_USER_PATHS = NO;
				CLANG_ANALYZER_NONNULL = YES;
				CLANG_ANALYZER_NUMBER_OBJECT_CONVERSION = YES_AGGRESSIVE;
				CLANG_CXX_LANGUAGE_STANDARD = "gnu++17";
				CLANG_CXX_LIBRARY = "libc++";
				CLANG_ENABLE_MODULES = YES;
				CLANG_ENABLE_OBJC_ARC = YES;
				CLANG_ENABLE_OBJC_WEAK = YES;
				CLANG_WARN_BLOCK_CAPTURE_AUTORELEASING = YES;
				CLANG_WARN_BOOL_CONVERSION = YES;
				CLANG_WARN_COMMA = YES;
				CLANG_WARN_CONSTANT_CONVERSION = YES;
				CLANG_WARN_DEPRECATED_OBJC_IMPLEMENTATIONS = YES;
				CLANG_WARN_DIRECT_OBJC_ISA_USAGE = YES_ERROR;
				CLANG_WARN_DOCUMENTATION_COMMENTS = YES;
				CLANG_WARN_EMPTY_BODY = YES;
				CLANG_WARN_ENUM_CONVERSION = YES;
				CLANG_WARN_INFINITE_RECURSION = YES;
				CLANG_WARN_INT_CONVERSION = YES;
				CLANG_WARN_NON_LITERAL_NULL_CONVERSION = YES;
				CLANG_WARN_OBJC_IMPLICIT_RETAIN_SELF = YES;
				CLANG_WARN_OBJC_LITERAL_CONVERSION = YES;
				CLANG_WARN_OBJC_ROOT_CLASS = YES_ERROR;
				CLANG_WARN_QUOTED_INCLUDE_IN_FRAMEWORK_HEADER = YES;
				CLANG_WARN_RANGE_LOOP_ANALYSIS = YES;
				CLANG_WARN_STRICT_PROTOTYPES = YES;
				CLANG_WARN_SUSPICIOUS_MOVE = YES;
				CLANG_WARN_UNGUARDED_AVAILABILITY = YES_AGGRESSIVE;
				CLANG_WARN_UNREACHABLE_CODE = YES;
				CLANG_WARN__DUPLICATE_METHOD_MATCH = YES;
				COPY_PHASE_STRIP = NO;
				DEBUG_INFORMATION_FORMAT = "dwarf-with-dsym";
				ENABLE_NS_ASSERTIONS = NO;
				ENABLE_STRICT_OBJC_MSGSEND = YES;
				GCC_C_LANGUAGE_STANDARD = gnu11;
				GCC_NO_COMMON_BLOCKS = YES;
				GCC_WARN_64_TO_32_BIT_CONVERSION = YES;
				GCC_WARN_ABOUT_RETURN_TYPE = YES_ERROR;
				GCC_WARN_UNDECLARED_SELECTOR = YES;
				GCC_WARN_UNINITIALIZED_AUTOS = YES_AGGRESSIVE;
				GCC_WARN_UNUSED_FUNCTION = YES;
				GCC_WARN_UNUSED_VARIABLE = YES;
				IPHONEOS_DEPLOYMENT_TARGET = 15.0;
				MTL_ENABLE_DEBUG_INFO = NO;
				MTL_FAST_MATH = YES;
				SDKROOT = iphoneos;
				SWIFT_COMPILATION_MODE = wholemodule;
				SWIFT_OPTIMIZATION_LEVEL = "-O";
				VALIDATE_PRODUCT = YES;
			};
			name = Release;
		};
		B56E6882271B5E220019E1E1 /* Debug */ = {
			isa = XCBuildConfiguration;
			buildSettings = {
				ASSETCATALOG_COMPILER_APPICON_NAME = AppIcon;
				ASSETCATALOG_COMPILER_GLOBAL_ACCENT_COLOR_NAME = AccentColor;
				CODE_SIGN_STYLE = Automatic;
				CURRENT_PROJECT_VERSION = 1;
				DEVELOPMENT_TEAM = U6Q9G3RA4Y;
				GENERATE_INFOPLIST_FILE = YES;
				INFOPLIST_FILE = Habits/Info.plist;
				INFOPLIST_KEY_UIApplicationSupportsIndirectInputEvents = YES;
				INFOPLIST_KEY_UILaunchStoryboardName = LaunchScreen;
				INFOPLIST_KEY_UIMainStoryboardFile = Main;
				INFOPLIST_KEY_UISupportedInterfaceOrientations_iPad = "UIInterfaceOrientationPortrait UIInterfaceOrientationPortraitUpsideDown UIInterfaceOrientationLandscapeLeft UIInterfaceOrientationLandscapeRight";
				INFOPLIST_KEY_UISupportedInterfaceOrientations_iPhone = "UIInterfaceOrientationPortrait UIInterfaceOrientationLandscapeLeft UIInterfaceOrientationLandscapeRight";
				IPHONEOS_DEPLOYMENT_TARGET = 15.0;
				LD_RUNPATH_SEARCH_PATHS = (
					"$(inherited)",
					"@executable_path/Frameworks",
				);
				MARKETING_VERSION = 1.0;
				PRODUCT_BUNDLE_IDENTIFIER = com.wickedrun.Habits;
				PRODUCT_NAME = "$(TARGET_NAME)";
				SWIFT_EMIT_LOC_STRINGS = YES;
				SWIFT_VERSION = 5.0;
				TARGETED_DEVICE_FAMILY = "1,2";
			};
			name = Debug;
		};
		B56E6883271B5E220019E1E1 /* Release */ = {
			isa = XCBuildConfiguration;
			buildSettings = {
				ASSETCATALOG_COMPILER_APPICON_NAME = AppIcon;
				ASSETCATALOG_COMPILER_GLOBAL_ACCENT_COLOR_NAME = AccentColor;
				CODE_SIGN_STYLE = Automatic;
				CURRENT_PROJECT_VERSION = 1;
				DEVELOPMENT_TEAM = U6Q9G3RA4Y;
				GENERATE_INFOPLIST_FILE = YES;
				INFOPLIST_FILE = Habits/Info.plist;
				INFOPLIST_KEY_UIApplicationSupportsIndirectInputEvents = YES;
				INFOPLIST_KEY_UILaunchStoryboardName = LaunchScreen;
				INFOPLIST_KEY_UIMainStoryboardFile = Main;
				INFOPLIST_KEY_UISupportedInterfaceOrientations_iPad = "UIInterfaceOrientationPortrait UIInterfaceOrientationPortraitUpsideDown UIInterfaceOrientationLandscapeLeft UIInterfaceOrientationLandscapeRight";
				INFOPLIST_KEY_UISupportedInterfaceOrientations_iPhone = "UIInterfaceOrientationPortrait UIInterfaceOrientationLandscapeLeft UIInterfaceOrientationLandscapeRight";
				IPHONEOS_DEPLOYMENT_TARGET = 15.0;
				LD_RUNPATH_SEARCH_PATHS = (
					"$(inherited)",
					"@executable_path/Frameworks",
				);
				MARKETING_VERSION = 1.0;
				PRODUCT_BUNDLE_IDENTIFIER = com.wickedrun.Habits;
				PRODUCT_NAME = "$(TARGET_NAME)";
				SWIFT_EMIT_LOC_STRINGS = YES;
				SWIFT_VERSION = 5.0;
				TARGETED_DEVICE_FAMILY = "1,2";
			};
			name = Release;
		};
/* End XCBuildConfiguration section */

/* Begin XCConfigurationList section */
		B56E6868271B5E210019E1E1 /* Build configuration list for PBXProject "Habits" */ = {
			isa = XCConfigurationList;
			buildConfigurations = (
				B56E687F271B5E220019E1E1 /* Debug */,
				B56E6880271B5E220019E1E1 /* Release */,
			);
			defaultConfigurationIsVisible = 0;
			defaultConfigurationName = Release;
		};
		B56E6881271B5E220019E1E1 /* Build configuration list for PBXNativeTarget "Habits" */ = {
			isa = XCConfigurationList;
			buildConfigurations = (
				B56E6882271B5E220019E1E1 /* Debug */,
				B56E6883271B5E220019E1E1 /* Release */,
			);
			defaultConfigurationIsVisible = 0;
			defaultConfigurationName = Release;
		};
/* End XCConfigurationList section */
	};
	rootObject = B56E6865271B5E210019E1E1 /* Project object */;
}
